
Microsoft Visual Studio Solution File, Format Version 12.00
# Visual Studio Version 16
VisualStudioVersion = 16.0.31515.178
MinimumVisualStudioVersion = 10.0.40219.1
Project("{9A19103F-16F7-4668-BE54-9A1E7A4F7556}") = "MovieShopMVC", "MovieShopMVC\MovieShopMVC.csproj", "{28CE9302-B971-42BC-A49E-7E97DBF5ED46}"
EndProject
Project("{9A19103F-16F7-4668-BE54-9A1E7A4F7556}") = "ApplicationCore", "ApplicationCore1\ApplicationCore.csproj", "{3EA8E786-E8D5-4169-B659-6E706B5876F0}"
EndProject
Project("{9A19103F-16F7-4668-BE54-9A1E7A4F7556}") = "Infrastructure", "Infrastructure\Infrastructure.csproj", "{46ADFBAD-CE76-4EB5-98BF-A8E36A007C34}"
EndProject
Project("{FAE04EC0-301F-11D3-BF4B-00C04F79EFBC}") = "MovieShopAPI", "MovieShopAPI\MovieShopAPI.csproj", "{99CD45AD-C769-409A-A7A4-1723269ADFAB}"
EndProject
Global
	GlobalSection(SolutionConfigurationPlatforms) = preSolution
		Debug|Any CPU = Debug|Any CPU
		Release|Any CPU = Release|Any CPU
	EndGlobalSection
	GlobalSection(ProjectConfigurationPlatforms) = postSolution
		{28CE9302-B971-42BC-A49E-7E97DBF5ED46}.Debug|Any CPU.ActiveCfg = Debug|Any CPU
		{28CE9302-B971-42BC-A49E-7E97DBF5ED46}.Debug|Any CPU.Build.0 = Debug|Any CPU
		{28CE9302-B971-42BC-A49E-7E97DBF5ED46}.Release|Any CPU.ActiveCfg = Release|Any CPU
		{28CE9302-B971-42BC-A49E-7E97DBF5ED46}.Release|Any CPU.Build.0 = Release|Any CPU
		{3EA8E786-E8D5-4169-B659-6E706B5876F0}.Debug|Any CPU.ActiveCfg = Debug|Any CPU
		{3EA8E786-E8D5-4169-B659-6E706B5876F0}.Debug|Any CPU.Build.0 = Debug|Any CPU
		{3EA8E786-E8D5-4169-B659-6E706B5876F0}.Release|Any CPU.ActiveCfg = Release|Any CPU
		{3EA8E786-E8D5-4169-B659-6E706B5876F0}.Release|Any CPU.Build.0 = Release|Any CPU
		{46ADFBAD-CE76-4EB5-98BF-A8E36A007C34}.Debug|Any CPU.ActiveCfg = Debug|Any CPU
		{46ADFBAD-CE76-4EB5-98BF-A8E36A007C34}.Debug|Any CPU.Build.0 = Debug|Any CPU
		{46ADFBAD-CE76-4EB5-98BF-A8E36A007C34}.Release|Any CPU.ActiveCfg = Release|Any CPU
		{46ADFBAD-CE76-4EB5-98BF-A8E36A007C34}.Release|Any CPU.Build.0 = Release|Any CPU
		{99CD45AD-C769-409A-A7A4-1723269ADFAB}.Debug|Any CPU.ActiveCfg = Debug|Any CPU
		{99CD45AD-C769-409A-A7A4-1723269ADFAB}.Debug|Any CPU.Build.0 = Debug|Any CPU
		{99CD45AD-C769-409A-A7A4-1723269ADFAB}.Release|Any CPU.ActiveCfg = Release|Any CPU
		{99CD45AD-C769-409A-A7A4-1723269ADFAB}.Release|Any CPU.Build.0 = Release|Any CPU
	EndGlobalSection
	GlobalSection(SolutionProperties) = preSolution
		HideSolutionNode = FALSE
	EndGlobalSection
	GlobalSection(ExtensibilityGlobals) = postSolution
		SolutionGuid = {B6B328A1-A791-45D6-995A-070A27D19905}
	EndGlobalSection
EndGlobal
